// !$*UTF8*$!
{
	archiveVersion = 1;
	classes = {
	};
	objectVersion = 48;
	objects = {

/* Begin PBXBuildFile section */
		81686923B733DD3CB1D0C93D /* Pods_ios.framework in Frameworks */ = {isa = PBXBuildFile; fileRef = 48C1E2F0C52605CC70E2D41D /* Pods_ios.framework */; };
		C81417971F9111110064C5BC /* ExplorerTableViewCell.swift in Sources */ = {isa = PBXBuildFile; fileRef = C81417961F9111110064C5BC /* ExplorerTableViewCell.swift */; };
		C81417991F9111B60064C5BC /* ExplorerCollectionCell.swift in Sources */ = {isa = PBXBuildFile; fileRef = C81417981F9111B60064C5BC /* ExplorerCollectionCell.swift */; };
		C82F5A971F9073FE002079F3 /* AppDelegate.swift in Sources */ = {isa = PBXBuildFile; fileRef = C82F5A961F9073FE002079F3 /* AppDelegate.swift */; };
		C82F5A991F9073FE002079F3 /* ViewController.swift in Sources */ = {isa = PBXBuildFile; fileRef = C82F5A981F9073FE002079F3 /* ViewController.swift */; };
		C82F5A9C1F9073FE002079F3 /* Main.storyboard in Resources */ = {isa = PBXBuildFile; fileRef = C82F5A9A1F9073FE002079F3 /* Main.storyboard */; };
		C82F5A9E1F9073FE002079F3 /* Assets.xcassets in Resources */ = {isa = PBXBuildFile; fileRef = C82F5A9D1F9073FE002079F3 /* Assets.xcassets */; };
		C82F5AA11F9073FE002079F3 /* LaunchScreen.storyboard in Resources */ = {isa = PBXBuildFile; fileRef = C82F5A9F1F9073FE002079F3 /* LaunchScreen.storyboard */; };
		C82F5AAC1F9073FE002079F3 /* iosTests.swift in Sources */ = {isa = PBXBuildFile; fileRef = C82F5AAB1F9073FE002079F3 /* iosTests.swift */; };
		C82F5AB71F9073FE002079F3 /* iosUITests.swift in Sources */ = {isa = PBXBuildFile; fileRef = C82F5AB61F9073FE002079F3 /* iosUITests.swift */; };
		C82F5AC61F90914B002079F3 /* UIButtonExtension.swift in Sources */ = {isa = PBXBuildFile; fileRef = C82F5AC51F90914B002079F3 /* UIButtonExtension.swift */; };
		C82F5AC81F90918E002079F3 /* UIColorExtension.swift in Sources */ = {isa = PBXBuildFile; fileRef = C82F5AC71F90918E002079F3 /* UIColorExtension.swift */; };
		C82F5ACD1F90FB61002079F3 /* ExplorerViewController.swift in Sources */ = {isa = PBXBuildFile; fileRef = C82F5ACC1F90FB61002079F3 /* ExplorerViewController.swift */; };
		C8489AFD1F91E9CB00DE1630 /* FeedViewController.swift in Sources */ = {isa = PBXBuildFile; fileRef = C8489AFC1F91E9CB00DE1630 /* FeedViewController.swift */; };
		C8489AFF1F92587200DE1630 /* FeedTableViewCell.swift in Sources */ = {isa = PBXBuildFile; fileRef = C8489AFE1F92587200DE1630 /* FeedTableViewCell.swift */; };
		C87AB18B1F91BA210010DA00 /* Services.swift in Sources */ = {isa = PBXBuildFile; fileRef = C87AB18A1F91BA210010DA00 /* Services.swift */; };
		C87AB18E1F91BAC40010DA00 /* Feed.swift in Sources */ = {isa = PBXBuildFile; fileRef = C87AB18D1F91BAC40010DA00 /* Feed.swift */; };
		C87AB1901F91BC720010DA00 /* Item.swift in Sources */ = {isa = PBXBuildFile; fileRef = C87AB18F1F91BC720010DA00 /* Item.swift */; };
		C87AB1921F91CD3F0010DA00 /* AnyJSONType.swift in Sources */ = {isa = PBXBuildFile; fileRef = C87AB1911F91CD3F0010DA00 /* AnyJSONType.swift */; };
		C8A012741F93109B00DC8154 /* CustomTabBarController.swift in Sources */ = {isa = PBXBuildFile; fileRef = C8A012731F93109B00DC8154 /* CustomTabBarController.swift */; };
		C8A012761F93136E00DC8154 /* AccountViewController.swift in Sources */ = {isa = PBXBuildFile; fileRef = C8A012751F93136E00DC8154 /* AccountViewController.swift */; };
		C8A012781F93190100DC8154 /* Contants.swift in Sources */ = {isa = PBXBuildFile; fileRef = C8A012771F93190100DC8154 /* Contants.swift */; };
		C8FAE9CD1F926E490035185B /* DateHelper.swift in Sources */ = {isa = PBXBuildFile; fileRef = C8FAE9CC1F926E490035185B /* DateHelper.swift */; };
		CE5E2647A5AF106DF7D0A7D3 /* Pods_iosTests.framework in Frameworks */ = {isa = PBXBuildFile; fileRef = 56982D09A260F0C4A7222D7F /* Pods_iosTests.framework */; };
/* End PBXBuildFile section */

/* Begin PBXContainerItemProxy section */
		C82F5AA81F9073FE002079F3 /* PBXContainerItemProxy */ = {
			isa = PBXContainerItemProxy;
			containerPortal = C82F5A8B1F9073FE002079F3 /* Project object */;
			proxyType = 1;
			remoteGlobalIDString = C82F5A921F9073FE002079F3;
			remoteInfo = ios;
		};
		C82F5AB31F9073FE002079F3 /* PBXContainerItemProxy */ = {
			isa = PBXContainerItemProxy;
			containerPortal = C82F5A8B1F9073FE002079F3 /* Project object */;
			proxyType = 1;
			remoteGlobalIDString = C82F5A921F9073FE002079F3;
			remoteInfo = ios;
		};
/* End PBXContainerItemProxy section */

/* Begin PBXFileReference section */
		0D79C021E91C5869090AA600 /* Pods-iosTests.debug.xcconfig */ = {isa = PBXFileReference; includeInIndex = 1; lastKnownFileType = text.xcconfig; name = "Pods-iosTests.debug.xcconfig"; path = "Pods/Target Support Files/Pods-iosTests/Pods-iosTests.debug.xcconfig"; sourceTree = "<group>"; };
		3C7AF99B45B7579E0E44D3B7 /* Pods-ios.release.xcconfig */ = {isa = PBXFileReference; includeInIndex = 1; lastKnownFileType = text.xcconfig; name = "Pods-ios.release.xcconfig"; path = "Pods/Target Support Files/Pods-ios/Pods-ios.release.xcconfig"; sourceTree = "<group>"; };
		48C1E2F0C52605CC70E2D41D /* Pods_ios.framework */ = {isa = PBXFileReference; explicitFileType = wrapper.framework; includeInIndex = 0; path = Pods_ios.framework; sourceTree = BUILT_PRODUCTS_DIR; };
		56982D09A260F0C4A7222D7F /* Pods_iosTests.framework */ = {isa = PBXFileReference; explicitFileType = wrapper.framework; includeInIndex = 0; path = Pods_iosTests.framework; sourceTree = BUILT_PRODUCTS_DIR; };
		715DD1CD0D29652E405D03B6 /* Pods-ios.debug.xcconfig */ = {isa = PBXFileReference; includeInIndex = 1; lastKnownFileType = text.xcconfig; name = "Pods-ios.debug.xcconfig"; path = "Pods/Target Support Files/Pods-ios/Pods-ios.debug.xcconfig"; sourceTree = "<group>"; };
		AA29DB43B818FF5771828A7A /* Pods-iosTests.release.xcconfig */ = {isa = PBXFileReference; includeInIndex = 1; lastKnownFileType = text.xcconfig; name = "Pods-iosTests.release.xcconfig"; path = "Pods/Target Support Files/Pods-iosTests/Pods-iosTests.release.xcconfig"; sourceTree = "<group>"; };
		C81417961F9111110064C5BC /* ExplorerTableViewCell.swift */ = {isa = PBXFileReference; lastKnownFileType = sourcecode.swift; path = ExplorerTableViewCell.swift; sourceTree = "<group>"; };
		C81417981F9111B60064C5BC /* ExplorerCollectionCell.swift */ = {isa = PBXFileReference; lastKnownFileType = sourcecode.swift; path = ExplorerCollectionCell.swift; sourceTree = "<group>"; };
		C82F5A931F9073FE002079F3 /* ios.app */ = {isa = PBXFileReference; explicitFileType = wrapper.application; includeInIndex = 0; path = ios.app; sourceTree = BUILT_PRODUCTS_DIR; };
		C82F5A961F9073FE002079F3 /* AppDelegate.swift */ = {isa = PBXFileReference; lastKnownFileType = sourcecode.swift; path = AppDelegate.swift; sourceTree = "<group>"; };
		C82F5A981F9073FE002079F3 /* ViewController.swift */ = {isa = PBXFileReference; lastKnownFileType = sourcecode.swift; path = ViewController.swift; sourceTree = "<group>"; };
		C82F5A9B1F9073FE002079F3 /* Base */ = {isa = PBXFileReference; lastKnownFileType = file.storyboard; name = Base; path = Base.lproj/Main.storyboard; sourceTree = "<group>"; };
		C82F5A9D1F9073FE002079F3 /* Assets.xcassets */ = {isa = PBXFileReference; lastKnownFileType = folder.assetcatalog; path = Assets.xcassets; sourceTree = "<group>"; };
		C82F5AA01F9073FE002079F3 /* Base */ = {isa = PBXFileReference; lastKnownFileType = file.storyboard; name = Base; path = Base.lproj/LaunchScreen.storyboard; sourceTree = "<group>"; };
		C82F5AA21F9073FE002079F3 /* Info.plist */ = {isa = PBXFileReference; lastKnownFileType = text.plist.xml; path = Info.plist; sourceTree = "<group>"; };
		C82F5AA71F9073FE002079F3 /* iosTests.xctest */ = {isa = PBXFileReference; explicitFileType = wrapper.cfbundle; includeInIndex = 0; path = iosTests.xctest; sourceTree = BUILT_PRODUCTS_DIR; };
		C82F5AAB1F9073FE002079F3 /* iosTests.swift */ = {isa = PBXFileReference; lastKnownFileType = sourcecode.swift; path = iosTests.swift; sourceTree = "<group>"; };
		C82F5AAD1F9073FE002079F3 /* Info.plist */ = {isa = PBXFileReference; lastKnownFileType = text.plist.xml; path = Info.plist; sourceTree = "<group>"; };
		C82F5AB21F9073FE002079F3 /* iosUITests.xctest */ = {isa = PBXFileReference; explicitFileType = wrapper.cfbundle; includeInIndex = 0; path = iosUITests.xctest; sourceTree = BUILT_PRODUCTS_DIR; };
		C82F5AB61F9073FE002079F3 /* iosUITests.swift */ = {isa = PBXFileReference; lastKnownFileType = sourcecode.swift; path = iosUITests.swift; sourceTree = "<group>"; };
		C82F5AB81F9073FE002079F3 /* Info.plist */ = {isa = PBXFileReference; lastKnownFileType = text.plist.xml; path = Info.plist; sourceTree = "<group>"; };
		C82F5AC51F90914B002079F3 /* UIButtonExtension.swift */ = {isa = PBXFileReference; lastKnownFileType = sourcecode.swift; path = UIButtonExtension.swift; sourceTree = "<group>"; };
		C82F5AC71F90918E002079F3 /* UIColorExtension.swift */ = {isa = PBXFileReference; lastKnownFileType = sourcecode.swift; path = UIColorExtension.swift; sourceTree = "<group>"; };
		C82F5ACC1F90FB61002079F3 /* ExplorerViewController.swift */ = {isa = PBXFileReference; lastKnownFileType = sourcecode.swift; path = ExplorerViewController.swift; sourceTree = "<group>"; };
		C8489AFC1F91E9CB00DE1630 /* FeedViewController.swift */ = {isa = PBXFileReference; lastKnownFileType = sourcecode.swift; path = FeedViewController.swift; sourceTree = "<group>"; };
		C8489AFE1F92587200DE1630 /* FeedTableViewCell.swift */ = {isa = PBXFileReference; lastKnownFileType = sourcecode.swift; path = FeedTableViewCell.swift; sourceTree = "<group>"; };
		C87AB18A1F91BA210010DA00 /* Services.swift */ = {isa = PBXFileReference; lastKnownFileType = sourcecode.swift; path = Services.swift; sourceTree = "<group>"; };
		C87AB18D1F91BAC40010DA00 /* Feed.swift */ = {isa = PBXFileReference; lastKnownFileType = sourcecode.swift; path = Feed.swift; sourceTree = "<group>"; };
		C87AB18F1F91BC720010DA00 /* Item.swift */ = {isa = PBXFileReference; lastKnownFileType = sourcecode.swift; path = Item.swift; sourceTree = "<group>"; };
		C87AB1911F91CD3F0010DA00 /* AnyJSONType.swift */ = {isa = PBXFileReference; lastKnownFileType = sourcecode.swift; path = AnyJSONType.swift; sourceTree = "<group>"; };
		C8A012731F93109B00DC8154 /* CustomTabBarController.swift */ = {isa = PBXFileReference; lastKnownFileType = sourcecode.swift; path = CustomTabBarController.swift; sourceTree = "<group>"; };
		C8A012751F93136E00DC8154 /* AccountViewController.swift */ = {isa = PBXFileReference; lastKnownFileType = sourcecode.swift; path = AccountViewController.swift; sourceTree = "<group>"; };
		C8A012771F93190100DC8154 /* Contants.swift */ = {isa = PBXFileReference; lastKnownFileType = sourcecode.swift; path = Contants.swift; sourceTree = "<group>"; };
		C8FAE9CC1F926E490035185B /* DateHelper.swift */ = {isa = PBXFileReference; lastKnownFileType = sourcecode.swift; path = DateHelper.swift; sourceTree = "<group>"; };
/* End PBXFileReference section */

/* Begin PBXFrameworksBuildPhase section */
		C82F5A901F9073FE002079F3 /* Frameworks */ = {
			isa = PBXFrameworksBuildPhase;
			buildActionMask = 2147483647;
			files = (
				81686923B733DD3CB1D0C93D /* Pods_ios.framework in Frameworks */,
			);
			runOnlyForDeploymentPostprocessing = 0;
		};
		C82F5AA41F9073FE002079F3 /* Frameworks */ = {
			isa = PBXFrameworksBuildPhase;
			buildActionMask = 2147483647;
			files = (
				CE5E2647A5AF106DF7D0A7D3 /* Pods_iosTests.framework in Frameworks */,
			);
			runOnlyForDeploymentPostprocessing = 0;
		};
		C82F5AAF1F9073FE002079F3 /* Frameworks */ = {
			isa = PBXFrameworksBuildPhase;
			buildActionMask = 2147483647;
			files = (
			);
			runOnlyForDeploymentPostprocessing = 0;
		};
/* End PBXFrameworksBuildPhase section */

/* Begin PBXGroup section */
		0E1976FFC1261F4CC6897E5E /* Pods */ = {
			isa = PBXGroup;
			children = (
				715DD1CD0D29652E405D03B6 /* Pods-ios.debug.xcconfig */,
				3C7AF99B45B7579E0E44D3B7 /* Pods-ios.release.xcconfig */,
				0D79C021E91C5869090AA600 /* Pods-iosTests.debug.xcconfig */,
				AA29DB43B818FF5771828A7A /* Pods-iosTests.release.xcconfig */,
			);
			name = Pods;
			sourceTree = "<group>";
		};
		A9BB42D9337F887844DC14CC /* Frameworks */ = {
			isa = PBXGroup;
			children = (
				48C1E2F0C52605CC70E2D41D /* Pods_ios.framework */,
				56982D09A260F0C4A7222D7F /* Pods_iosTests.framework */,
			);
			name = Frameworks;
			sourceTree = "<group>";
		};
		C82F5A8A1F9073FE002079F3 = {
			isa = PBXGroup;
			children = (
				C82F5A951F9073FE002079F3 /* ios */,
				C82F5AAA1F9073FE002079F3 /* iosTests */,
				C82F5AB51F9073FE002079F3 /* iosUITests */,
				C82F5A941F9073FE002079F3 /* Products */,
				0E1976FFC1261F4CC6897E5E /* Pods */,
				A9BB42D9337F887844DC14CC /* Frameworks */,
			);
			sourceTree = "<group>";
		};
		C82F5A941F9073FE002079F3 /* Products */ = {
			isa = PBXGroup;
			children = (
				C82F5A931F9073FE002079F3 /* ios.app */,
				C82F5AA71F9073FE002079F3 /* iosTests.xctest */,
				C82F5AB21F9073FE002079F3 /* iosUITests.xctest */,
			);
			name = Products;
			sourceTree = "<group>";
		};
		C82F5A951F9073FE002079F3 /* ios */ = {
			isa = PBXGroup;
			children = (
				C82F5A961F9073FE002079F3 /* AppDelegate.swift */,
				C82F5A981F9073FE002079F3 /* ViewController.swift */,
				C8A012771F93190100DC8154 /* Contants.swift */,
				C82F5AC41F909120002079F3 /* Extensions */,
				C87AB1891F91BA0E0010DA00 /* Services */,
				C87AB18C1F91BA690010DA00 /* Models */,
				C82F5AC91F90FAB5002079F3 /* Explorer */,
				C8489AFB1F91E9A700DE1630 /* Feed */,
				C8A012701F92FA9400DC8154 /* Account */,
				C82F5A9A1F9073FE002079F3 /* Main.storyboard */,
				C82F5A9D1F9073FE002079F3 /* Assets.xcassets */,
				C82F5A9F1F9073FE002079F3 /* LaunchScreen.storyboard */,
				C82F5AA21F9073FE002079F3 /* Info.plist */,
			);
			path = ios;
			sourceTree = "<group>";
		};
		C82F5AAA1F9073FE002079F3 /* iosTests */ = {
			isa = PBXGroup;
			children = (
				C82F5AAB1F9073FE002079F3 /* iosTests.swift */,
				C82F5AAD1F9073FE002079F3 /* Info.plist */,
			);
			path = iosTests;
			sourceTree = "<group>";
		};
		C82F5AB51F9073FE002079F3 /* iosUITests */ = {
			isa = PBXGroup;
			children = (
				C82F5AB61F9073FE002079F3 /* iosUITests.swift */,
				C82F5AB81F9073FE002079F3 /* Info.plist */,
			);
			path = iosUITests;
			sourceTree = "<group>";
		};
		C82F5AC41F909120002079F3 /* Extensions */ = {
			isa = PBXGroup;
			children = (
				C82F5AC51F90914B002079F3 /* UIButtonExtension.swift */,
				C82F5AC71F90918E002079F3 /* UIColorExtension.swift */,
				C87AB1911F91CD3F0010DA00 /* AnyJSONType.swift */,
				C8FAE9CC1F926E490035185B /* DateHelper.swift */,
				C8A012731F93109B00DC8154 /* CustomTabBarController.swift */,
			);
			path = Extensions;
			sourceTree = "<group>";
		};
		C82F5AC91F90FAB5002079F3 /* Explorer */ = {
			isa = PBXGroup;
			children = (
				C82F5ACC1F90FB61002079F3 /* ExplorerViewController.swift */,
				C81417961F9111110064C5BC /* ExplorerTableViewCell.swift */,
				C81417981F9111B60064C5BC /* ExplorerCollectionCell.swift */,
			);
			path = Explorer;
			sourceTree = "<group>";
		};
		C8489AFB1F91E9A700DE1630 /* Feed */ = {
			isa = PBXGroup;
			children = (
				C8489AFC1F91E9CB00DE1630 /* FeedViewController.swift */,
				C8489AFE1F92587200DE1630 /* FeedTableViewCell.swift */,
			);
			path = Feed;
			sourceTree = "<group>";
		};
		C87AB1891F91BA0E0010DA00 /* Services */ = {
			isa = PBXGroup;
			children = (
				C87AB18A1F91BA210010DA00 /* Services.swift */,
			);
			path = Services;
			sourceTree = "<group>";
		};
		C87AB18C1F91BA690010DA00 /* Models */ = {
			isa = PBXGroup;
			children = (
				C87AB18D1F91BAC40010DA00 /* Feed.swift */,
				C87AB18F1F91BC720010DA00 /* Item.swift */,
			);
			path = Models;
			sourceTree = "<group>";
		};
		C8A012701F92FA9400DC8154 /* Account */ = {
			isa = PBXGroup;
			children = (
				C8A012751F93136E00DC8154 /* AccountViewController.swift */,
			);
			path = Account;
			sourceTree = "<group>";
		};
/* End PBXGroup section */

/* Begin PBXNativeTarget section */
		C82F5A921F9073FE002079F3 /* ios */ = {
			isa = PBXNativeTarget;
			buildConfigurationList = C82F5ABB1F9073FE002079F3 /* Build configuration list for PBXNativeTarget "ios" */;
			buildPhases = (
				49F827933697693187BE9EE2 /* [CP] Check Pods Manifest.lock */,
				C82F5A8F1F9073FE002079F3 /* Sources */,
				C82F5A901F9073FE002079F3 /* Frameworks */,
				C82F5A911F9073FE002079F3 /* Resources */,
				FC400DBA60E72AD26516659A /* [CP] Embed Pods Frameworks */,
				3B663AD729D2CA4F5CFBA4B9 /* [CP] Copy Pods Resources */,
			);
			buildRules = (
			);
			dependencies = (
			);
			name = ios;
			productName = ios;
			productReference = C82F5A931F9073FE002079F3 /* ios.app */;
			productType = "com.apple.product-type.application";
		};
		C82F5AA61F9073FE002079F3 /* iosTests */ = {
			isa = PBXNativeTarget;
			buildConfigurationList = C82F5ABE1F9073FE002079F3 /* Build configuration list for PBXNativeTarget "iosTests" */;
			buildPhases = (
				F2808BD72373A14262FA1C51 /* [CP] Check Pods Manifest.lock */,
				C82F5AA31F9073FE002079F3 /* Sources */,
				C82F5AA41F9073FE002079F3 /* Frameworks */,
				C82F5AA51F9073FE002079F3 /* Resources */,
				0A5637C1772E88A5F63EDE17 /* [CP] Embed Pods Frameworks */,
				032DA9DD19FDC1747E321BF5 /* [CP] Copy Pods Resources */,
			);
			buildRules = (
			);
			dependencies = (
				C82F5AA91F9073FE002079F3 /* PBXTargetDependency */,
			);
			name = iosTests;
			productName = iosTests;
			productReference = C82F5AA71F9073FE002079F3 /* iosTests.xctest */;
			productType = "com.apple.product-type.bundle.unit-test";
		};
		C82F5AB11F9073FE002079F3 /* iosUITests */ = {
			isa = PBXNativeTarget;
			buildConfigurationList = C82F5AC11F9073FE002079F3 /* Build configuration list for PBXNativeTarget "iosUITests" */;
			buildPhases = (
				C82F5AAE1F9073FE002079F3 /* Sources */,
				C82F5AAF1F9073FE002079F3 /* Frameworks */,
				C82F5AB01F9073FE002079F3 /* Resources */,
			);
			buildRules = (
			);
			dependencies = (
				C82F5AB41F9073FE002079F3 /* PBXTargetDependency */,
			);
			name = iosUITests;
			productName = iosUITests;
			productReference = C82F5AB21F9073FE002079F3 /* iosUITests.xctest */;
			productType = "com.apple.product-type.bundle.ui-testing";
		};
/* End PBXNativeTarget section */

/* Begin PBXProject section */
		C82F5A8B1F9073FE002079F3 /* Project object */ = {
			isa = PBXProject;
			attributes = {
				LastSwiftUpdateCheck = 0900;
				LastUpgradeCheck = 0900;
				ORGANIZATIONNAME = aijo;
				TargetAttributes = {
					C82F5A921F9073FE002079F3 = {
						CreatedOnToolsVersion = 9.0;
						ProvisioningStyle = Automatic;
					};
					C82F5AA61F9073FE002079F3 = {
						CreatedOnToolsVersion = 9.0;
						ProvisioningStyle = Automatic;
						TestTargetID = C82F5A921F9073FE002079F3;
					};
					C82F5AB11F9073FE002079F3 = {
						CreatedOnToolsVersion = 9.0;
						ProvisioningStyle = Automatic;
						TestTargetID = C82F5A921F9073FE002079F3;
					};
				};
			};
			buildConfigurationList = C82F5A8E1F9073FE002079F3 /* Build configuration list for PBXProject "ios" */;
			compatibilityVersion = "Xcode 8.0";
			developmentRegion = en;
			hasScannedForEncodings = 0;
			knownRegions = (
				en,
				Base,
			);
			mainGroup = C82F5A8A1F9073FE002079F3;
			productRefGroup = C82F5A941F9073FE002079F3 /* Products */;
			projectDirPath = "";
			projectRoot = "";
			targets = (
				C82F5A921F9073FE002079F3 /* ios */,
				C82F5AA61F9073FE002079F3 /* iosTests */,
				C82F5AB11F9073FE002079F3 /* iosUITests */,
			);
		};
/* End PBXProject section */

/* Begin PBXResourcesBuildPhase section */
		C82F5A911F9073FE002079F3 /* Resources */ = {
			isa = PBXResourcesBuildPhase;
			buildActionMask = 2147483647;
			files = (
				C82F5AA11F9073FE002079F3 /* LaunchScreen.storyboard in Resources */,
				C82F5A9E1F9073FE002079F3 /* Assets.xcassets in Resources */,
				C82F5A9C1F9073FE002079F3 /* Main.storyboard in Resources */,
			);
			runOnlyForDeploymentPostprocessing = 0;
		};
		C82F5AA51F9073FE002079F3 /* Resources */ = {
			isa = PBXResourcesBuildPhase;
			buildActionMask = 2147483647;
			files = (
			);
			runOnlyForDeploymentPostprocessing = 0;
		};
		C82F5AB01F9073FE002079F3 /* Resources */ = {
			isa = PBXResourcesBuildPhase;
			buildActionMask = 2147483647;
			files = (
			);
			runOnlyForDeploymentPostprocessing = 0;
		};
/* End PBXResourcesBuildPhase section */

/* Begin PBXShellScriptBuildPhase section */
		032DA9DD19FDC1747E321BF5 /* [CP] Copy Pods Resources */ = {
			isa = PBXShellScriptBuildPhase;
			buildActionMask = 2147483647;
			files = (
			);
			inputPaths = (
			);
			name = "[CP] Copy Pods Resources";
			outputPaths = (
			);
			runOnlyForDeploymentPostprocessing = 0;
			shellPath = /bin/sh;
			shellScript = "\"${SRCROOT}/Pods/Target Support Files/Pods-iosTests/Pods-iosTests-resources.sh\"\n";
			showEnvVarsInLog = 0;
		};
		0A5637C1772E88A5F63EDE17 /* [CP] Embed Pods Frameworks */ = {
			isa = PBXShellScriptBuildPhase;
			buildActionMask = 2147483647;
			files = (
			);
			inputPaths = (
			);
			name = "[CP] Embed Pods Frameworks";
			outputPaths = (
			);
			runOnlyForDeploymentPostprocessing = 0;
			shellPath = /bin/sh;
			shellScript = "\"${SRCROOT}/Pods/Target Support Files/Pods-iosTests/Pods-iosTests-frameworks.sh\"\n";
			showEnvVarsInLog = 0;
		};
		3B663AD729D2CA4F5CFBA4B9 /* [CP] Copy Pods Resources */ = {
			isa = PBXShellScriptBuildPhase;
			buildActionMask = 2147483647;
			files = (
			);
			inputPaths = (
			);
			name = "[CP] Copy Pods Resources";
			outputPaths = (
			);
			runOnlyForDeploymentPostprocessing = 0;
			shellPath = /bin/sh;
			shellScript = "\"${SRCROOT}/Pods/Target Support Files/Pods-ios/Pods-ios-resources.sh\"\n";
			showEnvVarsInLog = 0;
		};
		49F827933697693187BE9EE2 /* [CP] Check Pods Manifest.lock */ = {
			isa = PBXShellScriptBuildPhase;
			buildActionMask = 2147483647;
			files = (
			);
			inputPaths = (
			);
			name = "[CP] Check Pods Manifest.lock";
			outputPaths = (
			);
			runOnlyForDeploymentPostprocessing = 0;
			shellPath = /bin/sh;
			shellScript = "diff \"${PODS_ROOT}/../Podfile.lock\" \"${PODS_ROOT}/Manifest.lock\" > /dev/null\nif [ $? != 0 ] ; then\n    # print error to STDERR\n    echo \"error: The sandbox is not in sync with the Podfile.lock. Run 'pod install' or update your CocoaPods installation.\" >&2\n    exit 1\nfi\n";
			showEnvVarsInLog = 0;
		};
		F2808BD72373A14262FA1C51 /* [CP] Check Pods Manifest.lock */ = {
			isa = PBXShellScriptBuildPhase;
			buildActionMask = 2147483647;
			files = (
			);
			inputPaths = (
			);
			name = "[CP] Check Pods Manifest.lock";
			outputPaths = (
			);
			runOnlyForDeploymentPostprocessing = 0;
			shellPath = /bin/sh;
			shellScript = "diff \"${PODS_ROOT}/../Podfile.lock\" \"${PODS_ROOT}/Manifest.lock\" > /dev/null\nif [ $? != 0 ] ; then\n    # print error to STDERR\n    echo \"error: The sandbox is not in sync with the Podfile.lock. Run 'pod install' or update your CocoaPods installation.\" >&2\n    exit 1\nfi\n";
			showEnvVarsInLog = 0;
		};
		FC400DBA60E72AD26516659A /* [CP] Embed Pods Frameworks */ = {
			isa = PBXShellScriptBuildPhase;
			buildActionMask = 2147483647;
			files = (
			);
			inputPaths = (
			);
			name = "[CP] Embed Pods Frameworks";
			outputPaths = (
			);
			runOnlyForDeploymentPostprocessing = 0;
			shellPath = /bin/sh;
			shellScript = "\"${SRCROOT}/Pods/Target Support Files/Pods-ios/Pods-ios-frameworks.sh\"\n";
			showEnvVarsInLog = 0;
		};
/* End PBXShellScriptBuildPhase section */

/* Begin PBXSourcesBuildPhase section */
		C82F5A8F1F9073FE002079F3 /* Sources */ = {
			isa = PBXSourcesBuildPhase;
			buildActionMask = 2147483647;
			files = (
				C87AB1921F91CD3F0010DA00 /* AnyJSONType.swift in Sources */,
				C82F5A991F9073FE002079F3 /* ViewController.swift in Sources */,
				C8A012761F93136E00DC8154 /* AccountViewController.swift in Sources */,
				C87AB18E1F91BAC40010DA00 /* Feed.swift in Sources */,
				C81417971F9111110064C5BC /* ExplorerTableViewCell.swift in Sources */,
				C82F5A971F9073FE002079F3 /* AppDelegate.swift in Sources */,
				C8FAE9CD1F926E490035185B /* DateHelper.swift in Sources */,
				C81417991F9111B60064C5BC /* ExplorerCollectionCell.swift in Sources */,
				C8A012781F93190100DC8154 /* Contants.swift in Sources */,
				C87AB1901F91BC720010DA00 /* Item.swift in Sources */,
				C82F5AC61F90914B002079F3 /* UIButtonExtension.swift in Sources */,
				C8A012741F93109B00DC8154 /* CustomTabBarController.swift in Sources */,
				C8489AFF1F92587200DE1630 /* FeedTableViewCell.swift in Sources */,
				C82F5AC81F90918E002079F3 /* UIColorExtension.swift in Sources */,
				C87AB18B1F91BA210010DA00 /* Services.swift in Sources */,
				C8489AFD1F91E9CB00DE1630 /* FeedViewController.swift in Sources */,
				C82F5ACD1F90FB61002079F3 /* ExplorerViewController.swift in Sources */,
			);
			runOnlyForDeploymentPostprocessing = 0;
		};
		C82F5AA31F9073FE002079F3 /* Sources */ = {
			isa = PBXSourcesBuildPhase;
			buildActionMask = 2147483647;
			files = (
				C82F5AAC1F9073FE002079F3 /* iosTests.swift in Sources */,
			);
			runOnlyForDeploymentPostprocessing = 0;
		};
		C82F5AAE1F9073FE002079F3 /* Sources */ = {
			isa = PBXSourcesBuildPhase;
			buildActionMask = 2147483647;
			files = (
				C82F5AB71F9073FE002079F3 /* iosUITests.swift in Sources */,
			);
			runOnlyForDeploymentPostprocessing = 0;
		};
/* End PBXSourcesBuildPhase section */

/* Begin PBXTargetDependency section */
		C82F5AA91F9073FE002079F3 /* PBXTargetDependency */ = {
			isa = PBXTargetDependency;
			target = C82F5A921F9073FE002079F3 /* ios */;
			targetProxy = C82F5AA81F9073FE002079F3 /* PBXContainerItemProxy */;
		};
		C82F5AB41F9073FE002079F3 /* PBXTargetDependency */ = {
			isa = PBXTargetDependency;
			target = C82F5A921F9073FE002079F3 /* ios */;
			targetProxy = C82F5AB31F9073FE002079F3 /* PBXContainerItemProxy */;
		};
/* End PBXTargetDependency section */

/* Begin PBXVariantGroup section */
		C82F5A9A1F9073FE002079F3 /* Main.storyboard */ = {
			isa = PBXVariantGroup;
			children = (
				C82F5A9B1F9073FE002079F3 /* Base */,
			);
			name = Main.storyboard;
			sourceTree = "<group>";
		};
		C82F5A9F1F9073FE002079F3 /* LaunchScreen.storyboard */ = {
			isa = PBXVariantGroup;
			children = (
				C82F5AA01F9073FE002079F3 /* Base */,
			);
			name = LaunchScreen.storyboard;
			sourceTree = "<group>";
		};
/* End PBXVariantGroup section */

/* Begin XCBuildConfiguration section */
		C82F5AB91F9073FE002079F3 /* Debug */ = {
			isa = XCBuildConfiguration;
			buildSettings = {
				ALWAYS_SEARCH_USER_PATHS = NO;
				CLANG_ANALYZER_NONNULL = YES;
				CLANG_ANALYZER_NUMBER_OBJECT_CONVERSION = YES_AGGRESSIVE;
				CLANG_CXX_LANGUAGE_STANDARD = "gnu++14";
				CLANG_CXX_LIBRARY = "libc++";
				CLANG_ENABLE_MODULES = YES;
				CLANG_ENABLE_OBJC_ARC = YES;
				CLANG_WARN_BLOCK_CAPTURE_AUTORELEASING = YES;
				CLANG_WARN_BOOL_CONVERSION = YES;
				CLANG_WARN_COMMA = YES;
				CLANG_WARN_CONSTANT_CONVERSION = YES;
				CLANG_WARN_DIRECT_OBJC_ISA_USAGE = YES_ERROR;
				CLANG_WARN_DOCUMENTATION_COMMENTS = YES;
				CLANG_WARN_EMPTY_BODY = YES;
				CLANG_WARN_ENUM_CONVERSION = YES;
				CLANG_WARN_INFINITE_RECURSION = YES;
				CLANG_WARN_INT_CONVERSION = YES;
				CLANG_WARN_NON_LITERAL_NULL_CONVERSION = YES;
				CLANG_WARN_OBJC_LITERAL_CONVERSION = YES;
				CLANG_WARN_OBJC_ROOT_CLASS = YES_ERROR;
				CLANG_WARN_RANGE_LOOP_ANALYSIS = YES;
				CLANG_WARN_STRICT_PROTOTYPES = YES;
				CLANG_WARN_SUSPICIOUS_MOVE = YES;
				CLANG_WARN_UNGUARDED_AVAILABILITY = YES_AGGRESSIVE;
				CLANG_WARN_UNREACHABLE_CODE = YES;
				CLANG_WARN__DUPLICATE_METHOD_MATCH = YES;
				CODE_SIGN_IDENTITY = "iPhone Developer";
				COPY_PHASE_STRIP = NO;
				DEBUG_INFORMATION_FORMAT = dwarf;
				ENABLE_STRICT_OBJC_MSGSEND = YES;
				ENABLE_TESTABILITY = YES;
				GCC_C_LANGUAGE_STANDARD = gnu11;
				GCC_DYNAMIC_NO_PIC = NO;
				GCC_NO_COMMON_BLOCKS = YES;
				GCC_OPTIMIZATION_LEVEL = 0;
				GCC_PREPROCESSOR_DEFINITIONS = (
					"DEBUG=1",
					"$(inherited)",
				);
				GCC_WARN_64_TO_32_BIT_CONVERSION = YES;
				GCC_WARN_ABOUT_RETURN_TYPE = YES_ERROR;
				GCC_WARN_UNDECLARED_SELECTOR = YES;
				GCC_WARN_UNINITIALIZED_AUTOS = YES_AGGRESSIVE;
				GCC_WARN_UNUSED_FUNCTION = YES;
				GCC_WARN_UNUSED_VARIABLE = YES;
				IPHONEOS_DEPLOYMENT_TARGET = 11.0;
				MTL_ENABLE_DEBUG_INFO = YES;
				ONLY_ACTIVE_ARCH = YES;
				SDKROOT = iphoneos;
				SWIFT_ACTIVE_COMPILATION_CONDITIONS = DEBUG;
				SWIFT_OPTIMIZATION_LEVEL = "-Onone";
			};
			name = Debug;
		};
		C82F5ABA1F9073FE002079F3 /* Release */ = {
			isa = XCBuildConfiguration;
			buildSettings = {
				ALWAYS_SEARCH_USER_PATHS = NO;
				CLANG_ANALYZER_NONNULL = YES;
				CLANG_ANALYZER_NUMBER_OBJECT_CONVERSION = YES_AGGRESSIVE;
				CLANG_CXX_LANGUAGE_STANDARD = "gnu++14";
				CLANG_CXX_LIBRARY = "libc++";
				CLANG_ENABLE_MODULES = YES;
				CLANG_ENABLE_OBJC_ARC = YES;
				CLANG_WARN_BLOCK_CAPTURE_AUTORELEASING = YES;
				CLANG_WARN_BOOL_CONVERSION = YES;
				CLANG_WARN_COMMA = YES;
				CLANG_WARN_CONSTANT_CONVERSION = YES;
				CLANG_WARN_DIRECT_OBJC_ISA_USAGE = YES_ERROR;
				CLANG_WARN_DOCUMENTATION_COMMENTS = YES;
				CLANG_WARN_EMPTY_BODY = YES;
				CLANG_WARN_ENUM_CONVERSION = YES;
				CLANG_WARN_INFINITE_RECURSION = YES;
				CLANG_WARN_INT_CONVERSION = YES;
				CLANG_WARN_NON_LITERAL_NULL_CONVERSION = YES;
				CLANG_WARN_OBJC_LITERAL_CONVERSION = YES;
				CLANG_WARN_OBJC_ROOT_CLASS = YES_ERROR;
				CLANG_WARN_RANGE_LOOP_ANALYSIS = YES;
				CLANG_WARN_STRICT_PROTOTYPES = YES;
				CLANG_WARN_SUSPICIOUS_MOVE = YES;
				CLANG_WARN_UNGUARDED_AVAILABILITY = YES_AGGRESSIVE;
				CLANG_WARN_UNREACHABLE_CODE = YES;
				CLANG_WARN__DUPLICATE_METHOD_MATCH = YES;
				CODE_SIGN_IDENTITY = "iPhone Developer";
				COPY_PHASE_STRIP = NO;
				DEBUG_INFORMATION_FORMAT = "dwarf-with-dsym";
				ENABLE_NS_ASSERTIONS = NO;
				ENABLE_STRICT_OBJC_MSGSEND = YES;
				GCC_C_LANGUAGE_STANDARD = gnu11;
				GCC_NO_COMMON_BLOCKS = YES;
				GCC_WARN_64_TO_32_BIT_CONVERSION = YES;
				GCC_WARN_ABOUT_RETURN_TYPE = YES_ERROR;
				GCC_WARN_UNDECLARED_SELECTOR = YES;
				GCC_WARN_UNINITIALIZED_AUTOS = YES_AGGRESSIVE;
				GCC_WARN_UNUSED_FUNCTION = YES;
				GCC_WARN_UNUSED_VARIABLE = YES;
				IPHONEOS_DEPLOYMENT_TARGET = 11.0;
				MTL_ENABLE_DEBUG_INFO = NO;
				SDKROOT = iphoneos;
				SWIFT_OPTIMIZATION_LEVEL = "-Owholemodule";
				VALIDATE_PRODUCT = YES;
			};
			name = Release;
		};
		C82F5ABC1F9073FE002079F3 /* Debug */ = {
			isa = XCBuildConfiguration;
			baseConfigurationReference = 715DD1CD0D29652E405D03B6 /* Pods-ios.debug.xcconfig */;
			buildSettings = {
				ASSETCATALOG_COMPILER_APPICON_NAME = AppIcon;
				CODE_SIGN_STYLE = Automatic;
				INFOPLIST_FILE = ios/Info.plist;
				IPHONEOS_DEPLOYMENT_TARGET = 10.0;
				LD_RUNPATH_SEARCH_PATHS = "$(inherited) @executable_path/Frameworks";
				PRODUCT_BUNDLE_IDENTIFIER = co.aijo.ios;
				PRODUCT_NAME = "$(TARGET_NAME)";
				SWIFT_VERSION = 4.0;
				TARGETED_DEVICE_FAMILY = "1,2";
			};
			name = Debug;
		};
		C82F5ABD1F9073FE002079F3 /* Release */ = {
			isa = XCBuildConfiguration;
			baseConfigurationReference = 3C7AF99B45B7579E0E44D3B7 /* Pods-ios.release.xcconfig */;
			buildSettings = {
				ASSETCATALOG_COMPILER_APPICON_NAME = AppIcon;
				CODE_SIGN_STYLE = Automatic;
				INFOPLIST_FILE = ios/Info.plist;
				IPHONEOS_DEPLOYMENT_TARGET = 10.0;
				LD_RUNPATH_SEARCH_PATHS = "$(inherited) @executable_path/Frameworks";
				PRODUCT_BUNDLE_IDENTIFIER = co.aijo.ios;
				PRODUCT_NAME = "$(TARGET_NAME)";
				SWIFT_VERSION = 4.0;
				TARGETED_DEVICE_FAMILY = "1,2";
			};
			name = Release;
		};
		C82F5ABF1F9073FE002079F3 /* Debug */ = {
			isa = XCBuildConfiguration;
			baseConfigurationReference = 0D79C021E91C5869090AA600 /* Pods-iosTests.debug.xcconfig */;
			buildSettings = {
				ALWAYS_EMBED_SWIFT_STANDARD_LIBRARIES = YES;
				BUNDLE_LOADER = "$(TEST_HOST)";
				CODE_SIGN_STYLE = Automatic;
				INFOPLIST_FILE = iosTests/Info.plist;
				LD_RUNPATH_SEARCH_PATHS = "$(inherited) @executable_path/Frameworks @loader_path/Frameworks";
				PRODUCT_BUNDLE_IDENTIFIER = co.aijo.ios.iosTests;
				PRODUCT_NAME = "$(TARGET_NAME)";
				SWIFT_VERSION = 4.0;
				TARGETED_DEVICE_FAMILY = "1,2";
				TEST_HOST = "$(BUILT_PRODUCTS_DIR)/ios.app/ios";
			};
			name = Debug;
		};
		C82F5AC01F9073FE002079F3 /* Release */ = {
			isa = XCBuildConfiguration;
			baseConfigurationReference = AA29DB43B818FF5771828A7A /* Pods-iosTests.release.xcconfig */;
			buildSettings = {
				ALWAYS_EMBED_SWIFT_STANDARD_LIBRARIES = YES;
				BUNDLE_LOADER = "$(TEST_HOST)";
				CODE_SIGN_STYLE = Automatic;
				INFOPLIST_FILE = iosTests/Info.plist;
				LD_RUNPATH_SEARCH_PATHS = "$(inherited) @executable_path/Frameworks @loader_path/Frameworks";
				PRODUCT_BUNDLE_IDENTIFIER = co.aijo.ios.iosTests;
				PRODUCT_NAME = "$(TARGET_NAME)";
				SWIFT_VERSION = 4.0;
				TARGETED_DEVICE_FAMILY = "1,2";
				TEST_HOST = "$(BUILT_PRODUCTS_DIR)/ios.app/ios";
			};
			name = Release;
		};
		C82F5AC21F9073FE002079F3 /* Debug */ = {
			isa = XCBuildConfiguration;
			buildSettings = {
				ALWAYS_EMBED_SWIFT_STANDARD_LIBRARIES = YES;
				CODE_SIGN_STYLE = Automatic;
				INFOPLIST_FILE = iosUITests/Info.plist;
				LD_RUNPATH_SEARCH_PATHS = "$(inherited) @executable_path/Frameworks @loader_path/Frameworks";
				PRODUCT_BUNDLE_IDENTIFIER = co.aijo.ios.iosUITests;
				PRODUCT_NAME = "$(TARGET_NAME)";
				SWIFT_VERSION = 4.0;
				TARGETED_DEVICE_FAMILY = "1,2";
				TEST_TARGET_NAME = ios;
			};
			name = Debug;
		};
		C82F5AC31F9073FE002079F3 /* Release */ = {
			isa = XCBuildConfiguration;
			buildSettings = {
				ALWAYS_EMBED_SWIFT_STANDARD_LIBRARIES = YES;
				CODE_SIGN_STYLE = Automatic;
				INFOPLIST_FILE = iosUITests/Info.plist;
				LD_RUNPATH_SEARCH_PATHS = "$(inherited) @executable_path/Frameworks @loader_path/Frameworks";
				PRODUCT_BUNDLE_IDENTIFIER = co.aijo.ios.iosUITests;
				PRODUCT_NAME = "$(TARGET_NAME)";
				SWIFT_VERSION = 4.0;
				TARGETED_DEVICE_FAMILY = "1,2";
				TEST_TARGET_NAME = ios;
			};
			name = Release;
		};
/* End XCBuildConfiguration section */

/* Begin XCConfigurationList section */
		C82F5A8E1F9073FE002079F3 /* Build configuration list for PBXProject "ios" */ = {
			isa = XCConfigurationList;
			buildConfigurations = (
				C82F5AB91F9073FE002079F3 /* Debug */,
				C82F5ABA1F9073FE002079F3 /* Release */,
			);
			defaultConfigurationIsVisible = 0;
			defaultConfigurationName = Release;
		};
		C82F5ABB1F9073FE002079F3 /* Build configuration list for PBXNativeTarget "ios" */ = {
			isa = XCConfigurationList;
			buildConfigurations = (
				C82F5ABC1F9073FE002079F3 /* Debug */,
				C82F5ABD1F9073FE002079F3 /* Release */,
			);
			defaultConfigurationIsVisible = 0;
			defaultConfigurationName = Release;
		};
		C82F5ABE1F9073FE002079F3 /* Build configuration list for PBXNativeTarget "iosTests" */ = {
			isa = XCConfigurationList;
			buildConfigurations = (
				C82F5ABF1F9073FE002079F3 /* Debug */,
				C82F5AC01F9073FE002079F3 /* Release */,
			);
			defaultConfigurationIsVisible = 0;
			defaultConfigurationName = Release;
		};
		C82F5AC11F9073FE002079F3 /* Build configuration list for PBXNativeTarget "iosUITests" */ = {
			isa = XCConfigurationList;
			buildConfigurations = (
				C82F5AC21F9073FE002079F3 /* Debug */,
				C82F5AC31F9073FE002079F3 /* Release */,
			);
			defaultConfigurationIsVisible = 0;
			defaultConfigurationName = Release;
		};
/* End XCConfigurationList section */
	};
	rootObject = C82F5A8B1F9073FE002079F3 /* Project object */;
}
